<Solution>
  <Project Path="NockChat.Api/NockChat.Api.csproj" />
  <Project Path="NockChat.Application/NockChat.Application.csproj" />
  <Project Path="NockChat.Domain/NockChat.Domain.csproj" />
  <Project Path="NockChat.Infrastructure/NockChat.Infrastructure.csproj" />
  <Project Path="NockChat.Persistence/NockChat.Persistence.csproj" />
</Solution>
